// !$*UTF8*$!
{
	archiveVersion = 1;
	classes = {
	};
	objectVersion = 56;
	objects = {

/* Begin PBXBuildFile section */
		28192CA52994DA6A008CD1D3 /* ViewController2.swift in Sources */ = {isa = PBXBuildFile; fileRef = 28192CA42994DA6A008CD1D3 /* ViewController2.swift */; };
		285FC7352994ED1400894A5E /* CustomImgView.swift in Sources */ = {isa = PBXBuildFile; fileRef = 285FC7342994ED1400894A5E /* CustomImgView.swift */; };
		2877A9AE2994F8830049468D /* CustombgView.swift in Sources */ = {isa = PBXBuildFile; fileRef = 2877A9AD2994F8830049468D /* CustombgView.swift */; };
		287A80BE2994F71E00805C0F /* ViewController3.swift in Sources */ = {isa = PBXBuildFile; fileRef = 287A80BD2994F71E00805C0F /* ViewController3.swift */; };
		28829DF62994CF6700591ED8 /* CustomView.swift in Sources */ = {isa = PBXBuildFile; fileRef = 28829DF52994CF6700591ED8 /* CustomView.swift */; };
		28C6EBE429939CBF00A32BAC /* AppDelegate.swift in Sources */ = {isa = PBXBuildFile; fileRef = 28C6EBE329939CBF00A32BAC /* AppDelegate.swift */; };
		28C6EBE629939CBF00A32BAC /* SceneDelegate.swift in Sources */ = {isa = PBXBuildFile; fileRef = 28C6EBE529939CBF00A32BAC /* SceneDelegate.swift */; };
		28C6EBE829939CBF00A32BAC /* ViewController.swift in Sources */ = {isa = PBXBuildFile; fileRef = 28C6EBE729939CBF00A32BAC /* ViewController.swift */; };
		28C6EBEB29939CBF00A32BAC /* Main.storyboard in Resources */ = {isa = PBXBuildFile; fileRef = 28C6EBE929939CBF00A32BAC /* Main.storyboard */; };
		28C6EBED29939CC000A32BAC /* Assets.xcassets in Resources */ = {isa = PBXBuildFile; fileRef = 28C6EBEC29939CC000A32BAC /* Assets.xcassets */; };
		28C6EBF029939CC000A32BAC /* LaunchScreen.storyboard in Resources */ = {isa = PBXBuildFile; fileRef = 28C6EBEE29939CC000A32BAC /* LaunchScreen.storyboard */; };
		28CD14602994DCBD0068F04B /* CustomLabel.swift in Sources */ = {isa = PBXBuildFile; fileRef = 28CD145F2994DCBD0068F04B /* CustomLabel.swift */; };
/* End PBXBuildFile section */

/* Begin PBXFileReference section */
		28192CA42994DA6A008CD1D3 /* ViewController2.swift */ = {isa = PBXFileReference; lastKnownFileType = sourcecode.swift; path = ViewController2.swift; sourceTree = "<group>"; };
		285FC7342994ED1400894A5E /* CustomImgView.swift */ = {isa = PBXFileReference; lastKnownFileType = sourcecode.swift; path = CustomImgView.swift; sourceTree = "<group>"; };
		2877A9AD2994F8830049468D /* CustombgView.swift */ = {isa = PBXFileReference; lastKnownFileType = sourcecode.swift; path = CustombgView.swift; sourceTree = "<group>"; };
		287A80BD2994F71E00805C0F /* ViewController3.swift */ = {isa = PBXFileReference; lastKnownFileType = sourcecode.swift; path = ViewController3.swift; sourceTree = "<group>"; };
		28829DF52994CF6700591ED8 /* CustomView.swift */ = {isa = PBXFileReference; lastKnownFileType = sourcecode.swift; path = CustomView.swift; sourceTree = "<group>"; };
		28C6EBE029939CBF00A32BAC /* figmaclonestoryboard.app */ = {isa = PBXFileReference; explicitFileType = wrapper.application; includeInIndex = 0; path = figmaclonestoryboard.app; sourceTree = BUILT_PRODUCTS_DIR; };
		28C6EBE329939CBF00A32BAC /* AppDelegate.swift */ = {isa = PBXFileReference; lastKnownFileType = sourcecode.swift; path = AppDelegate.swift; sourceTree = "<group>"; };
		28C6EBE529939CBF00A32BAC /* SceneDelegate.swift */ = {isa = PBXFileReference; lastKnownFileType = sourcecode.swift; path = SceneDelegate.swift; sourceTree = "<group>"; };
		28C6EBE729939CBF00A32BAC /* ViewController.swift */ = {isa = PBXFileReference; lastKnownFileType = sourcecode.swift; path = ViewController.swift; sourceTree = "<group>"; };
		28C6EBEA29939CBF00A32BAC /* Base */ = {isa = PBXFileReference; lastKnownFileType = file.storyboard; name = Base; path = Base.lproj/Main.storyboard; sourceTree = "<group>"; };
		28C6EBEC29939CC000A32BAC /* Assets.xcassets */ = {isa = PBXFileReference; lastKnownFileType = folder.assetcatalog; path = Assets.xcassets; sourceTree = "<group>"; };
		28C6EBEF29939CC000A32BAC /* Base */ = {isa = PBXFileReference; lastKnownFileType = file.storyboard; name = Base; path = Base.lproj/LaunchScreen.storyboard; sourceTree = "<group>"; };
		28C6EBF129939CC000A32BAC /* Info.plist */ = {isa = PBXFileReference; lastKnownFileType = text.plist.xml; path = Info.plist; sourceTree = "<group>"; };
		28CD145F2994DCBD0068F04B /* CustomLabel.swift */ = {isa = PBXFileReference; lastKnownFileType = sourcecode.swift; path = CustomLabel.swift; sourceTree = "<group>"; };
/* End PBXFileReference section */

/* Begin PBXFrameworksBuildPhase section */
		28C6EBDD29939CBF00A32BAC /* Frameworks */ = {
			isa = PBXFrameworksBuildPhase;
			buildActionMask = 2147483647;
			files = (
			);
			runOnlyForDeploymentPostprocessing = 0;
		};
/* End PBXFrameworksBuildPhase section */

/* Begin PBXGroup section */
		28C6EBD729939CBF00A32BAC = {
			isa = PBXGroup;
			children = (
				28C6EBE229939CBF00A32BAC /* figmaclonestoryboard */,
				28C6EBE129939CBF00A32BAC /* Products */,
			);
			sourceTree = "<group>";
		};
		28C6EBE129939CBF00A32BAC /* Products */ = {
			isa = PBXGroup;
			children = (
				28C6EBE029939CBF00A32BAC /* figmaclonestoryboard.app */,
			);
			name = Products;
			sourceTree = "<group>";
		};
		28C6EBE229939CBF00A32BAC /* figmaclonestoryboard */ = {
			isa = PBXGroup;
			children = (
				28C6EBE329939CBF00A32BAC /* AppDelegate.swift */,
				28C6EBE529939CBF00A32BAC /* SceneDelegate.swift */,
				28C6EBE729939CBF00A32BAC /* ViewController.swift */,
				28829DF52994CF6700591ED8 /* CustomView.swift */,
				28C6EBE929939CBF00A32BAC /* Main.storyboard */,
				28192CA42994DA6A008CD1D3 /* ViewController2.swift */,
				28CD145F2994DCBD0068F04B /* CustomLabel.swift */,
				285FC7342994ED1400894A5E /* CustomImgView.swift */,
				28C6EBEC29939CC000A32BAC /* Assets.xcassets */,
				28C6EBEE29939CC000A32BAC /* LaunchScreen.storyboard */,
				28C6EBF129939CC000A32BAC /* Info.plist */,
				287A80BD2994F71E00805C0F /* ViewController3.swift */,
				2877A9AD2994F8830049468D /* CustombgView.swift */,
			);
			path = figmaclonestoryboard;
			sourceTree = "<group>";
		};
/* End PBXGroup section */

/* Begin PBXNativeTarget section */
		28C6EBDF29939CBF00A32BAC /* figmaclonestoryboard */ = {
			isa = PBXNativeTarget;
			buildConfigurationList = 28C6EBF429939CC000A32BAC /* Build configuration list for PBXNativeTarget "figmaclonestoryboard" */;
			buildPhases = (
				28C6EBDC29939CBF00A32BAC /* Sources */,
				28C6EBDD29939CBF00A32BAC /* Frameworks */,
				28C6EBDE29939CBF00A32BAC /* Resources */,
			);
			buildRules = (
			);
			dependencies = (
			);
			name = figmaclonestoryboard;
			productName = figmaclonestoryboard;
			productReference = 28C6EBE029939CBF00A32BAC /* figmaclonestoryboard.app */;
			productType = "com.apple.product-type.application";
		};
/* End PBXNativeTarget section */

/* Begin PBXProject section */
		28C6EBD829939CBF00A32BAC /* Project object */ = {
			isa = PBXProject;
			attributes = {
				BuildIndependentTargetsInParallel = 1;
				LastSwiftUpdateCheck = 1420;
				LastUpgradeCheck = 1420;
				TargetAttributes = {
					28C6EBDF29939CBF00A32BAC = {
						CreatedOnToolsVersion = 14.2;
					};
				};
			};
			buildConfigurationList = 28C6EBDB29939CBF00A32BAC /* Build configuration list for PBXProject "figmaclonestoryboard" */;
			compatibilityVersion = "Xcode 14.0";
			developmentRegion = en;
			hasScannedForEncodings = 0;
			knownRegions = (
				en,
				Base,
			);
			mainGroup = 28C6EBD729939CBF00A32BAC;
			productRefGroup = 28C6EBE129939CBF00A32BAC /* Products */;
			projectDirPath = "";
			projectRoot = "";
			targets = (
				28C6EBDF29939CBF00A32BAC /* figmaclonestoryboard */,
			);
		};
/* End PBXProject section */

/* Begin PBXResourcesBuildPhase section */
		28C6EBDE29939CBF00A32BAC /* Resources */ = {
			isa = PBXResourcesBuildPhase;
			buildActionMask = 2147483647;
			files = (
				28C6EBF029939CC000A32BAC /* LaunchScreen.storyboard in Resources */,
				28C6EBED29939CC000A32BAC /* Assets.xcassets in Resources */,
				28C6EBEB29939CBF00A32BAC /* Main.storyboard in Resources */,
			);
			runOnlyForDeploymentPostprocessing = 0;
		};
/* End PBXResourcesBuildPhase section */

/* Begin PBXSourcesBuildPhase section */
		28C6EBDC29939CBF00A32BAC /* Sources */ = {
			isa = PBXSourcesBuildPhase;
			buildActionMask = 2147483647;
			files = (
				28192CA52994DA6A008CD1D3 /* ViewController2.swift in Sources */,
				28CD14602994DCBD0068F04B /* CustomLabel.swift in Sources */,
				287A80BE2994F71E00805C0F /* ViewController3.swift in Sources */,
				285FC7352994ED1400894A5E /* CustomImgView.swift in Sources */,
				2877A9AE2994F8830049468D /* CustombgView.swift in Sources */,
				28C6EBE829939CBF00A32BAC /* ViewController.swift in Sources */,
				28829DF62994CF6700591ED8 /* CustomView.swift in Sources */,
				28C6EBE429939CBF00A32BAC /* AppDelegate.swift in Sources */,
				28C6EBE629939CBF00A32BAC /* SceneDelegate.swift in Sources */,
			);
			runOnlyForDeploymentPostprocessing = 0;
		};
/* End PBXSourcesBuildPhase section */

/* Begin PBXVariantGroup section */
		28C6EBE929939CBF00A32BAC /* Main.storyboard */ = {
			isa = PBXVariantGroup;
			children = (
				28C6EBEA29939CBF00A32BAC /* Base */,
			);
			name = Main.storyboard;
			sourceTree = "<group>";
		};
		28C6EBEE29939CC000A32BAC /* LaunchScreen.storyboard */ = {
			isa = PBXVariantGroup;
			children = (
				28C6EBEF29939CC000A32BAC /* Base */,
			);
			name = LaunchScreen.storyboard;
			sourceTree = "<group>";
		};
/* End PBXVariantGroup section */

/* Begin XCBuildConfiguration section */
		28C6EBF229939CC000A32BAC /* Debug */ = {
			isa = XCBuildConfiguration;
			buildSettings = {
				ALWAYS_SEARCH_USER_PATHS = NO;
				CLANG_ANALYZER_NONNULL = YES;
				CLANG_ANALYZER_NUMBER_OBJECT_CONVERSION = YES_AGGRESSIVE;
				CLANG_CXX_LANGUAGE_STANDARD = "gnu++20";
				CLANG_ENABLE_MODULES = YES;
				CLANG_ENABLE_OBJC_ARC = YES;
				CLANG_ENABLE_OBJC_WEAK = YES;
				CLANG_WARN_BLOCK_CAPTURE_AUTORELEASING = YES;
				CLANG_WARN_BOOL_CONVERSION = YES;
				CLANG_WARN_COMMA = YES;
				CLANG_WARN_CONSTANT_CONVERSION = YES;
				CLANG_WARN_DEPRECATED_OBJC_IMPLEMENTATIONS = YES;
				CLANG_WARN_DIRECT_OBJC_ISA_USAGE = YES_ERROR;
				CLANG_WARN_DOCUMENTATION_COMMENTS = YES;
				CLANG_WARN_EMPTY_BODY = YES;
				CLANG_WARN_ENUM_CONVERSION = YES;
				CLANG_WARN_INFINITE_RECURSION = YES;
				CLANG_WARN_INT_CONVERSION = YES;
				CLANG_WARN_NON_LITERAL_NULL_CONVERSION = YES;
				CLANG_WARN_OBJC_IMPLICIT_RETAIN_SELF = YES;
				CLANG_WARN_OBJC_LITERAL_CONVERSION = YES;
				CLANG_WARN_OBJC_ROOT_CLASS = YES_ERROR;
				CLANG_WARN_QUOTED_INCLUDE_IN_FRAMEWORK_HEADER = YES;
				CLANG_WARN_RANGE_LOOP_ANALYSIS = YES;
				CLANG_WARN_STRICT_PROTOTYPES = YES;
				CLANG_WARN_SUSPICIOUS_MOVE = YES;
				CLANG_WARN_UNGUARDED_AVAILABILITY = YES_AGGRESSIVE;
				CLANG_WARN_UNREACHABLE_CODE = YES;
				CLANG_WARN__DUPLICATE_METHOD_MATCH = YES;
				COPY_PHASE_STRIP = NO;
				DEBUG_INFORMATION_FORMAT = dwarf;
				ENABLE_STRICT_OBJC_MSGSEND = YES;
				ENABLE_TESTABILITY = YES;
				GCC_C_LANGUAGE_STANDARD = gnu11;
				GCC_DYNAMIC_NO_PIC = NO;
				GCC_NO_COMMON_BLOCKS = YES;
				GCC_OPTIMIZATION_LEVEL = 0;
				GCC_PREPROCESSOR_DEFINITIONS = (
					"DEBUG=1",
					"$(inherited)",
				);
				GCC_WARN_64_TO_32_BIT_CONVERSION = YES;
				GCC_WARN_ABOUT_RETURN_TYPE = YES_ERROR;
				GCC_WARN_UNDECLARED_SELECTOR = YES;
				GCC_WARN_UNINITIALIZED_AUTOS = YES_AGGRESSIVE;
				GCC_WARN_UNUSED_FUNCTION = YES;
				GCC_WARN_UNUSED_VARIABLE = YES;
				IPHONEOS_DEPLOYMENT_TARGET = 16.2;
				MTL_ENABLE_DEBUG_INFO = INCLUDE_SOURCE;
				MTL_FAST_MATH = YES;
				ONLY_ACTIVE_ARCH = YES;
				SDKROOT = iphoneos;
				SWIFT_ACTIVE_COMPILATION_CONDITIONS = DEBUG;
				SWIFT_OPTIMIZATION_LEVEL = "-Onone";
			};
			name = Debug;
		};
		28C6EBF329939CC000A32BAC /* Release */ = {
			isa = XCBuildConfiguration;
			buildSettings = {
				ALWAYS_SEARCH_USER_PATHS = NO;
				CLANG_ANALYZER_NONNULL = YES;
				CLANG_ANALYZER_NUMBER_OBJECT_CONVERSION = YES_AGGRESSIVE;
				CLANG_CXX_LANGUAGE_STANDARD = "gnu++20";
				CLANG_ENABLE_MODULES = YES;
				CLANG_ENABLE_OBJC_ARC = YES;
				CLANG_ENABLE_OBJC_WEAK = YES;
				CLANG_WARN_BLOCK_CAPTURE_AUTORELEASING = YES;
				CLANG_WARN_BOOL_CONVERSION = YES;
				CLANG_WARN_COMMA = YES;
				CLANG_WARN_CONSTANT_CONVERSION = YES;
				CLANG_WARN_DEPRECATED_OBJC_IMPLEMENTATIONS = YES;
				CLANG_WARN_DIRECT_OBJC_ISA_USAGE = YES_ERROR;
				CLANG_WARN_DOCUMENTATION_COMMENTS = YES;
				CLANG_WARN_EMPTY_BODY = YES;
				CLANG_WARN_ENUM_CONVERSION = YES;
				CLANG_WARN_INFINITE_RECURSION = YES;
				CLANG_WARN_INT_CONVERSION = YES;
				CLANG_WARN_NON_LITERAL_NULL_CONVERSION = YES;
				CLANG_WARN_OBJC_IMPLICIT_RETAIN_SELF = YES;
				CLANG_WARN_OBJC_LITERAL_CONVERSION = YES;
				CLANG_WARN_OBJC_ROOT_CLASS = YES_ERROR;
				CLANG_WARN_QUOTED_INCLUDE_IN_FRAMEWORK_HEADER = YES;
				CLANG_WARN_RANGE_LOOP_ANALYSIS = YES;
				CLANG_WARN_STRICT_PROTOTYPES = YES;
				CLANG_WARN_SUSPICIOUS_MOVE = YES;
				CLANG_WARN_UNGUARDED_AVAILABILITY = YES_AGGRESSIVE;
				CLANG_WARN_UNREACHABLE_CODE = YES;
				CLANG_WARN__DUPLICATE_METHOD_MATCH = YES;
				COPY_PHASE_STRIP = NO;
				DEBUG_INFORMATION_FORMAT = "dwarf-with-dsym";
				ENABLE_NS_ASSERTIONS = NO;
				ENABLE_STRICT_OBJC_MSGSEND = YES;
				GCC_C_LANGUAGE_STANDARD = gnu11;
				GCC_NO_COMMON_BLOCKS = YES;
				GCC_WARN_64_TO_32_BIT_CONVERSION = YES;
				GCC_WARN_ABOUT_RETURN_TYPE = YES_ERROR;
				GCC_WARN_UNDECLARED_SELECTOR = YES;
				GCC_WARN_UNINITIALIZED_AUTOS = YES_AGGRESSIVE;
				GCC_WARN_UNUSED_FUNCTION = YES;
				GCC_WARN_UNUSED_VARIABLE = YES;
				IPHONEOS_DEPLOYMENT_TARGET = 16.2;
				MTL_ENABLE_DEBUG_INFO = NO;
				MTL_FAST_MATH = YES;
				SDKROOT = iphoneos;
				SWIFT_COMPILATION_MODE = wholemodule;
				SWIFT_OPTIMIZATION_LEVEL = "-O";
				VALIDATE_PRODUCT = YES;
			};
			name = Release;
		};
		28C6EBF529939CC000A32BAC /* Debug */ = {
			isa = XCBuildConfiguration;
			buildSettings = {
				ASSETCATALOG_COMPILER_APPICON_NAME = AppIcon;
				ASSETCATALOG_COMPILER_GLOBAL_ACCENT_COLOR_NAME = AccentColor;
				CODE_SIGN_STYLE = Automatic;
				CURRENT_PROJECT_VERSION = 1;
				DEVELOPMENT_TEAM = 6YZVGHXP9V;
				GENERATE_INFOPLIST_FILE = YES;
				INFOPLIST_FILE = figmaclonestoryboard/Info.plist;
				INFOPLIST_KEY_UIApplicationSupportsIndirectInputEvents = YES;
				INFOPLIST_KEY_UILaunchStoryboardName = LaunchScreen;
				INFOPLIST_KEY_UIMainStoryboardFile = Main;
				INFOPLIST_KEY_UISupportedInterfaceOrientations_iPad = "UIInterfaceOrientationPortrait UIInterfaceOrientationPortraitUpsideDown UIInterfaceOrientationLandscapeLeft UIInterfaceOrientationLandscapeRight";
				INFOPLIST_KEY_UISupportedInterfaceOrientations_iPhone = "UIInterfaceOrientationPortrait UIInterfaceOrientationLandscapeLeft UIInterfaceOrientationLandscapeRight";
				LD_RUNPATH_SEARCH_PATHS = (
					"$(inherited)",
					"@executable_path/Frameworks",
				);
				MARKETING_VERSION = 1.0;
				PRODUCT_BUNDLE_IDENTIFIER = shihyuck.figmaclonestoryboard;
				PRODUCT_NAME = "$(TARGET_NAME)";
				SWIFT_EMIT_LOC_STRINGS = YES;
				SWIFT_VERSION = 5.0;
				TARGETED_DEVICE_FAMILY = "1,2";
			};
			name = Debug;
		};
		28C6EBF629939CC000A32BAC /* Release */ = {
			isa = XCBuildConfiguration;
			buildSettings = {
				ASSETCATALOG_COMPILER_APPICON_NAME = AppIcon;
				ASSETCATALOG_COMPILER_GLOBAL_ACCENT_COLOR_NAME = AccentColor;
				CODE_SIGN_STYLE = Automatic;
				CURRENT_PROJECT_VERSION = 1;
				DEVELOPMENT_TEAM = 6YZVGHXP9V;
				GENERATE_INFOPLIST_FILE = YES;
				INFOPLIST_FILE = figmaclonestoryboard/Info.plist;
				INFOPLIST_KEY_UIApplicationSupportsIndirectInputEvents = YES;
				INFOPLIST_KEY_UILaunchStoryboardName = LaunchScreen;
				INFOPLIST_KEY_UIMainStoryboardFile = Main;
				INFOPLIST_KEY_UISupportedInterfaceOrientations_iPad = "UIInterfaceOrientationPortrait UIInterfaceOrientationPortraitUpsideDown UIInterfaceOrientationLandscapeLeft UIInterfaceOrientationLandscapeRight";
				INFOPLIST_KEY_UISupportedInterfaceOrientations_iPhone = "UIInterfaceOrientationPortrait UIInterfaceOrientationLandscapeLeft UIInterfaceOrientationLandscapeRight";
				LD_RUNPATH_SEARCH_PATHS = (
					"$(inherited)",
					"@executable_path/Frameworks",
				);
				MARKETING_VERSION = 1.0;
				PRODUCT_BUNDLE_IDENTIFIER = shihyuck.figmaclonestoryboard;
				PRODUCT_NAME = "$(TARGET_NAME)";
				SWIFT_EMIT_LOC_STRINGS = YES;
				SWIFT_VERSION = 5.0;
				TARGETED_DEVICE_FAMILY = "1,2";
			};
			name = Release;
		};
/* End XCBuildConfiguration section */

/* Begin XCConfigurationList section */
		28C6EBDB29939CBF00A32BAC /* Build configuration list for PBXProject "figmaclonestoryboard" */ = {
			isa = XCConfigurationList;
			buildConfigurations = (
				28C6EBF229939CC000A32BAC /* Debug */,
				28C6EBF329939CC000A32BAC /* Release */,
			);
			defaultConfigurationIsVisible = 0;
			defaultConfigurationName = Release;
		};
		28C6EBF429939CC000A32BAC /* Build configuration list for PBXNativeTarget "figmaclonestoryboard" */ = {
			isa = XCConfigurationList;
			buildConfigurations = (
				28C6EBF529939CC000A32BAC /* Debug */,
				28C6EBF629939CC000A32BAC /* Release */,
			);
			defaultConfigurationIsVisible = 0;
			defaultConfigurationName = Release;
		};
/* End XCConfigurationList section */
	};
	rootObject = 28C6EBD829939CBF00A32BAC /* Project object */;
}
